
Microsoft Visual Studio Solution File, Format Version 12.00
# Visual Studio Version 17
VisualStudioVersion = 17.9.34622.214
MinimumVisualStudioVersion = 10.0.40219.1
Project("{FAE04EC0-301F-11D3-BF4B-00C04F79EFBC}") = "GetGuid2", "GetGuid2\GetGuid2.csproj", "{C799B0F9-59B2-426F-A207-83596423B4C2}"
EndProject
Global
	GlobalSection(SolutionConfigurationPlatforms) = preSolution
		Debug|Any CPU = Debug|Any CPU
		Release|Any CPU = Release|Any CPU
	EndGlobalSection
	GlobalSection(ProjectConfigurationPlatforms) = postSolution
		{C799B0F9-59B2-426F-A207-83596423B4C2}.Debug|Any CPU.ActiveCfg = Debug|Any CPU
		{C799B0F9-59B2-426F-A207-83596423B4C2}.Debug|Any CPU.Build.0 = Debug|Any CPU
		{C799B0F9-59B2-426F-A207-83596423B4C2}.Release|Any CPU.ActiveCfg = Release|Any CPU
		{C799B0F9-59B2-426F-A207-83596423B4C2}.Release|Any CPU.Build.0 = Release|Any CPU
	EndGlobalSection
	GlobalSection(SolutionProperties) = preSolution
		HideSolutionNode = FALSE
	EndGlobalSection
	GlobalSection(ExtensibilityGlobals) = postSolution
		SolutionGuid = {4F46ACDF-60FC-435D-A8FB-560B71709127}
	EndGlobalSection
EndGlobal
